// !$*UTF8*$!
{
	archiveVersion = 1;
	classes = {
	};
	objectVersion = 55;
	objects = {

/* Begin PBXBuildFile section */
		1EC050A628B5FBF30027A02F /* AppDelegate.swift in Sources */ = {isa = PBXBuildFile; fileRef = 1EC050A528B5FBF30027A02F /* AppDelegate.swift */; };
		1EC050A828B5FBF30027A02F /* SceneDelegate.swift in Sources */ = {isa = PBXBuildFile; fileRef = 1EC050A728B5FBF30027A02F /* SceneDelegate.swift */; };
		1EC050AA28B5FBF30027A02F /* ViewController.swift in Sources */ = {isa = PBXBuildFile; fileRef = 1EC050A928B5FBF30027A02F /* ViewController.swift */; };
		1EC050AD28B5FBF30027A02F /* Main.storyboard in Resources */ = {isa = PBXBuildFile; fileRef = 1EC050AB28B5FBF30027A02F /* Main.storyboard */; };
		1EC050AF28B5FBFA0027A02F /* Assets.xcassets in Resources */ = {isa = PBXBuildFile; fileRef = 1EC050AE28B5FBFA0027A02F /* Assets.xcassets */; };
		1EC050B228B5FBFA0027A02F /* LaunchScreen.storyboard in Resources */ = {isa = PBXBuildFile; fileRef = 1EC050B028B5FBFA0027A02F /* LaunchScreen.storyboard */; };
		1EC050BD28B5FBFA0027A02F /* Demo_Swift_BlockTests.swift in Sources */ = {isa = PBXBuildFile; fileRef = 1EC050BC28B5FBFA0027A02F /* Demo_Swift_BlockTests.swift */; };
		1EC050C728B5FBFA0027A02F /* Demo_Swift_BlockUITests.swift in Sources */ = {isa = PBXBuildFile; fileRef = 1EC050C628B5FBFA0027A02F /* Demo_Swift_BlockUITests.swift */; };
		1EC050C928B5FBFA0027A02F /* Demo_Swift_BlockUITestsLaunchTests.swift in Sources */ = {isa = PBXBuildFile; fileRef = 1EC050C828B5FBFA0027A02F /* Demo_Swift_BlockUITestsLaunchTests.swift */; };
/* End PBXBuildFile section */

/* Begin PBXContainerItemProxy section */
		1EC050B928B5FBFA0027A02F /* PBXContainerItemProxy */ = {
			isa = PBXContainerItemProxy;
			containerPortal = 1EC0509A28B5FBF30027A02F /* Project object */;
			proxyType = 1;
			remoteGlobalIDString = 1EC050A128B5FBF30027A02F;
			remoteInfo = Demo_Swift_Block;
		};
		1EC050C328B5FBFA0027A02F /* PBXContainerItemProxy */ = {
			isa = PBXContainerItemProxy;
			containerPortal = 1EC0509A28B5FBF30027A02F /* Project object */;
			proxyType = 1;
			remoteGlobalIDString = 1EC050A128B5FBF30027A02F;
			remoteInfo = Demo_Swift_Block;
		};
/* End PBXContainerItemProxy section */

/* Begin PBXFileReference section */
		1EC050A228B5FBF30027A02F /* Demo_Swift_Block.app */ = {isa = PBXFileReference; explicitFileType = wrapper.application; includeInIndex = 0; path = Demo_Swift_Block.app; sourceTree = BUILT_PRODUCTS_DIR; };
		1EC050A528B5FBF30027A02F /* AppDelegate.swift */ = {isa = PBXFileReference; lastKnownFileType = sourcecode.swift; path = AppDelegate.swift; sourceTree = "<group>"; };
		1EC050A728B5FBF30027A02F /* SceneDelegate.swift */ = {isa = PBXFileReference; lastKnownFileType = sourcecode.swift; path = SceneDelegate.swift; sourceTree = "<group>"; };
		1EC050A928B5FBF30027A02F /* ViewController.swift */ = {isa = PBXFileReference; lastKnownFileType = sourcecode.swift; path = ViewController.swift; sourceTree = "<group>"; };
		1EC050AC28B5FBF30027A02F /* Base */ = {isa = PBXFileReference; lastKnownFileType = file.storyboard; name = Base; path = Base.lproj/Main.storyboard; sourceTree = "<group>"; };
		1EC050AE28B5FBFA0027A02F /* Assets.xcassets */ = {isa = PBXFileReference; lastKnownFileType = folder.assetcatalog; path = Assets.xcassets; sourceTree = "<group>"; };
		1EC050B128B5FBFA0027A02F /* Base */ = {isa = PBXFileReference; lastKnownFileType = file.storyboard; name = Base; path = Base.lproj/LaunchScreen.storyboard; sourceTree = "<group>"; };
		1EC050B328B5FBFA0027A02F /* Info.plist */ = {isa = PBXFileReference; lastKnownFileType = text.plist.xml; path = Info.plist; sourceTree = "<group>"; };
		1EC050B828B5FBFA0027A02F /* Demo_Swift_BlockTests.xctest */ = {isa = PBXFileReference; explicitFileType = wrapper.cfbundle; includeInIndex = 0; path = Demo_Swift_BlockTests.xctest; sourceTree = BUILT_PRODUCTS_DIR; };
		1EC050BC28B5FBFA0027A02F /* Demo_Swift_BlockTests.swift */ = {isa = PBXFileReference; lastKnownFileType = sourcecode.swift; path = Demo_Swift_BlockTests.swift; sourceTree = "<group>"; };
		1EC050C228B5FBFA0027A02F /* Demo_Swift_BlockUITests.xctest */ = {isa = PBXFileReference; explicitFileType = wrapper.cfbundle; includeInIndex = 0; path = Demo_Swift_BlockUITests.xctest; sourceTree = BUILT_PRODUCTS_DIR; };
		1EC050C628B5FBFA0027A02F /* Demo_Swift_BlockUITests.swift */ = {isa = PBXFileReference; lastKnownFileType = sourcecode.swift; path = Demo_Swift_BlockUITests.swift; sourceTree = "<group>"; };
		1EC050C828B5FBFA0027A02F /* Demo_Swift_BlockUITestsLaunchTests.swift */ = {isa = PBXFileReference; lastKnownFileType = sourcecode.swift; path = Demo_Swift_BlockUITestsLaunchTests.swift; sourceTree = "<group>"; };
/* End PBXFileReference section */

/* Begin PBXFrameworksBuildPhase section */
		1EC0509F28B5FBF30027A02F /* Frameworks */ = {
			isa = PBXFrameworksBuildPhase;
			buildActionMask = 2147483647;
			files = (
			);
			runOnlyForDeploymentPostprocessing = 0;
		};
		1EC050B528B5FBFA0027A02F /* Frameworks */ = {
			isa = PBXFrameworksBuildPhase;
			buildActionMask = 2147483647;
			files = (
			);
			runOnlyForDeploymentPostprocessing = 0;
		};
		1EC050BF28B5FBFA0027A02F /* Frameworks */ = {
			isa = PBXFrameworksBuildPhase;
			buildActionMask = 2147483647;
			files = (
			);
			runOnlyForDeploymentPostprocessing = 0;
		};
/* End PBXFrameworksBuildPhase section */

/* Begin PBXGroup section */
		1EC0509928B5FBF30027A02F = {
			isa = PBXGroup;
			children = (
				1EC050A428B5FBF30027A02F /* Demo_Swift_Block */,
				1EC050BB28B5FBFA0027A02F /* Demo_Swift_BlockTests */,
				1EC050C528B5FBFA0027A02F /* Demo_Swift_BlockUITests */,
				1EC050A328B5FBF30027A02F /* Products */,
			);
			sourceTree = "<group>";
		};
		1EC050A328B5FBF30027A02F /* Products */ = {
			isa = PBXGroup;
			children = (
				1EC050A228B5FBF30027A02F /* Demo_Swift_Block.app */,
				1EC050B828B5FBFA0027A02F /* Demo_Swift_BlockTests.xctest */,
				1EC050C228B5FBFA0027A02F /* Demo_Swift_BlockUITests.xctest */,
			);
			name = Products;
			sourceTree = "<group>";
		};
		1EC050A428B5FBF30027A02F /* Demo_Swift_Block */ = {
			isa = PBXGroup;
			children = (
				1EC050A528B5FBF30027A02F /* AppDelegate.swift */,
				1EC050A728B5FBF30027A02F /* SceneDelegate.swift */,
				1EC050A928B5FBF30027A02F /* ViewController.swift */,
				1EC050AB28B5FBF30027A02F /* Main.storyboard */,
				1EC050AE28B5FBFA0027A02F /* Assets.xcassets */,
				1EC050B028B5FBFA0027A02F /* LaunchScreen.storyboard */,
				1EC050B328B5FBFA0027A02F /* Info.plist */,
			);
			path = Demo_Swift_Block;
			sourceTree = "<group>";
		};
		1EC050BB28B5FBFA0027A02F /* Demo_Swift_BlockTests */ = {
			isa = PBXGroup;
			children = (
				1EC050BC28B5FBFA0027A02F /* Demo_Swift_BlockTests.swift */,
			);
			path = Demo_Swift_BlockTests;
			sourceTree = "<group>";
		};
		1EC050C528B5FBFA0027A02F /* Demo_Swift_BlockUITests */ = {
			isa = PBXGroup;
			children = (
				1EC050C628B5FBFA0027A02F /* Demo_Swift_BlockUITests.swift */,
				1EC050C828B5FBFA0027A02F /* Demo_Swift_BlockUITestsLaunchTests.swift */,
			);
			path = Demo_Swift_BlockUITests;
			sourceTree = "<group>";
		};
/* End PBXGroup section */

/* Begin PBXNativeTarget section */
		1EC050A128B5FBF30027A02F /* Demo_Swift_Block */ = {
			isa = PBXNativeTarget;
			buildConfigurationList = 1EC050CC28B5FBFA0027A02F /* Build configuration list for PBXNativeTarget "Demo_Swift_Block" */;
			buildPhases = (
				1EC0509E28B5FBF30027A02F /* Sources */,
				1EC0509F28B5FBF30027A02F /* Frameworks */,
				1EC050A028B5FBF30027A02F /* Resources */,
			);
			buildRules = (
			);
			dependencies = (
			);
			name = Demo_Swift_Block;
			productName = Demo_Swift_Block;
			productReference = 1EC050A228B5FBF30027A02F /* Demo_Swift_Block.app */;
			productType = "com.apple.product-type.application";
		};
		1EC050B728B5FBFA0027A02F /* Demo_Swift_BlockTests */ = {
			isa = PBXNativeTarget;
			buildConfigurationList = 1EC050CF28B5FBFA0027A02F /* Build configuration list for PBXNativeTarget "Demo_Swift_BlockTests" */;
			buildPhases = (
				1EC050B428B5FBFA0027A02F /* Sources */,
				1EC050B528B5FBFA0027A02F /* Frameworks */,
				1EC050B628B5FBFA0027A02F /* Resources */,
			);
			buildRules = (
			);
			dependencies = (
				1EC050BA28B5FBFA0027A02F /* PBXTargetDependency */,
			);
			name = Demo_Swift_BlockTests;
			productName = Demo_Swift_BlockTests;
			productReference = 1EC050B828B5FBFA0027A02F /* Demo_Swift_BlockTests.xctest */;
			productType = "com.apple.product-type.bundle.unit-test";
		};
		1EC050C128B5FBFA0027A02F /* Demo_Swift_BlockUITests */ = {
			isa = PBXNativeTarget;
			buildConfigurationList = 1EC050D228B5FBFA0027A02F /* Build configuration list for PBXNativeTarget "Demo_Swift_BlockUITests" */;
			buildPhases = (
				1EC050BE28B5FBFA0027A02F /* Sources */,
				1EC050BF28B5FBFA0027A02F /* Frameworks */,
				1EC050C028B5FBFA0027A02F /* Resources */,
			);
			buildRules = (
			);
			dependencies = (
				1EC050C428B5FBFA0027A02F /* PBXTargetDependency */,
			);
			name = Demo_Swift_BlockUITests;
			productName = Demo_Swift_BlockUITests;
			productReference = 1EC050C228B5FBFA0027A02F /* Demo_Swift_BlockUITests.xctest */;
			productType = "com.apple.product-type.bundle.ui-testing";
		};
/* End PBXNativeTarget section */

/* Begin PBXProject section */
		1EC0509A28B5FBF30027A02F /* Project object */ = {
			isa = PBXProject;
			attributes = {
				BuildIndependentTargetsInParallel = 1;
				LastSwiftUpdateCheck = 1340;
				LastUpgradeCheck = 1340;
				TargetAttributes = {
					1EC050A128B5FBF30027A02F = {
						CreatedOnToolsVersion = 13.4.1;
					};
					1EC050B728B5FBFA0027A02F = {
						CreatedOnToolsVersion = 13.4.1;
						TestTargetID = 1EC050A128B5FBF30027A02F;
					};
					1EC050C128B5FBFA0027A02F = {
						CreatedOnToolsVersion = 13.4.1;
						TestTargetID = 1EC050A128B5FBF30027A02F;
					};
				};
			};
			buildConfigurationList = 1EC0509D28B5FBF30027A02F /* Build configuration list for PBXProject "Demo_Swift_Block" */;
			compatibilityVersion = "Xcode 13.0";
			developmentRegion = en;
			hasScannedForEncodings = 0;
			knownRegions = (
				en,
				Base,
			);
			mainGroup = 1EC0509928B5FBF30027A02F;
			productRefGroup = 1EC050A328B5FBF30027A02F /* Products */;
			projectDirPath = "";
			projectRoot = "";
			targets = (
				1EC050A128B5FBF30027A02F /* Demo_Swift_Block */,
				1EC050B728B5FBFA0027A02F /* Demo_Swift_BlockTests */,
				1EC050C128B5FBFA0027A02F /* Demo_Swift_BlockUITests */,
			);
		};
/* End PBXProject section */

/* Begin PBXResourcesBuildPhase section */
		1EC050A028B5FBF30027A02F /* Resources */ = {
			isa = PBXResourcesBuildPhase;
			buildActionMask = 2147483647;
			files = (
				1EC050B228B5FBFA0027A02F /* LaunchScreen.storyboard in Resources */,
				1EC050AF28B5FBFA0027A02F /* Assets.xcassets in Resources */,
				1EC050AD28B5FBF30027A02F /* Main.storyboard in Resources */,
			);
			runOnlyForDeploymentPostprocessing = 0;
		};
		1EC050B628B5FBFA0027A02F /* Resources */ = {
			isa = PBXResourcesBuildPhase;
			buildActionMask = 2147483647;
			files = (
			);
			runOnlyForDeploymentPostprocessing = 0;
		};
		1EC050C028B5FBFA0027A02F /* Resources */ = {
			isa = PBXResourcesBuildPhase;
			buildActionMask = 2147483647;
			files = (
			);
			runOnlyForDeploymentPostprocessing = 0;
		};
/* End PBXResourcesBuildPhase section */

/* Begin PBXSourcesBuildPhase section */
		1EC0509E28B5FBF30027A02F /* Sources */ = {
			isa = PBXSourcesBuildPhase;
			buildActionMask = 2147483647;
			files = (
				1EC050AA28B5FBF30027A02F /* ViewController.swift in Sources */,
				1EC050A628B5FBF30027A02F /* AppDelegate.swift in Sources */,
				1EC050A828B5FBF30027A02F /* SceneDelegate.swift in Sources */,
			);
			runOnlyForDeploymentPostprocessing = 0;
		};
		1EC050B428B5FBFA0027A02F /* Sources */ = {
			isa = PBXSourcesBuildPhase;
			buildActionMask = 2147483647;
			files = (
				1EC050BD28B5FBFA0027A02F /* Demo_Swift_BlockTests.swift in Sources */,
			);
			runOnlyForDeploymentPostprocessing = 0;
		};
		1EC050BE28B5FBFA0027A02F /* Sources */ = {
			isa = PBXSourcesBuildPhase;
			buildActionMask = 2147483647;
			files = (
				1EC050C728B5FBFA0027A02F /* Demo_Swift_BlockUITests.swift in Sources */,
				1EC050C928B5FBFA0027A02F /* Demo_Swift_BlockUITestsLaunchTests.swift in Sources */,
			);
			runOnlyForDeploymentPostprocessing = 0;
		};
/* End PBXSourcesBuildPhase section */

/* Begin PBXTargetDependency section */
		1EC050BA28B5FBFA0027A02F /* PBXTargetDependency */ = {
			isa = PBXTargetDependency;
			target = 1EC050A128B5FBF30027A02F /* Demo_Swift_Block */;
			targetProxy = 1EC050B928B5FBFA0027A02F /* PBXContainerItemProxy */;
		};
		1EC050C428B5FBFA0027A02F /* PBXTargetDependency */ = {
			isa = PBXTargetDependency;
			target = 1EC050A128B5FBF30027A02F /* Demo_Swift_Block */;
			targetProxy = 1EC050C328B5FBFA0027A02F /* PBXContainerItemProxy */;
		};
/* End PBXTargetDependency section */

/* Begin PBXVariantGroup section */
		1EC050AB28B5FBF30027A02F /* Main.storyboard */ = {
			isa = PBXVariantGroup;
			children = (
				1EC050AC28B5FBF30027A02F /* Base */,
			);
			name = Main.storyboard;
			sourceTree = "<group>";
		};
		1EC050B028B5FBFA0027A02F /* LaunchScreen.storyboard */ = {
			isa = PBXVariantGroup;
			children = (
				1EC050B128B5FBFA0027A02F /* Base */,
			);
			name = LaunchScreen.storyboard;
			sourceTree = "<group>";
		};
/* End PBXVariantGroup section */

/* Begin XCBuildConfiguration section */
		1EC050CA28B5FBFA0027A02F /* Debug */ = {
			isa = XCBuildConfiguration;
			buildSettings = {
				ALWAYS_SEARCH_USER_PATHS = NO;
				CLANG_ANALYZER_NONNULL = YES;
				CLANG_ANALYZER_NUMBER_OBJECT_CONVERSION = YES_AGGRESSIVE;
				CLANG_CXX_LANGUAGE_STANDARD = "gnu++17";
				CLANG_ENABLE_MODULES = YES;
				CLANG_ENABLE_OBJC_ARC = YES;
				CLANG_ENABLE_OBJC_WEAK = YES;
				CLANG_WARN_BLOCK_CAPTURE_AUTORELEASING = YES;
				CLANG_WARN_BOOL_CONVERSION = YES;
				CLANG_WARN_COMMA = YES;
				CLANG_WARN_CONSTANT_CONVERSION = YES;
				CLANG_WARN_DEPRECATED_OBJC_IMPLEMENTATIONS = YES;
				CLANG_WARN_DIRECT_OBJC_ISA_USAGE = YES_ERROR;
				CLANG_WARN_DOCUMENTATION_COMMENTS = YES;
				CLANG_WARN_EMPTY_BODY = YES;
				CLANG_WARN_ENUM_CONVERSION = YES;
				CLANG_WARN_INFINITE_RECURSION = YES;
				CLANG_WARN_INT_CONVERSION = YES;
				CLANG_WARN_NON_LITERAL_NULL_CONVERSION = YES;
				CLANG_WARN_OBJC_IMPLICIT_RETAIN_SELF = YES;
				CLANG_WARN_OBJC_LITERAL_CONVERSION = YES;
				CLANG_WARN_OBJC_ROOT_CLASS = YES_ERROR;
				CLANG_WARN_QUOTED_INCLUDE_IN_FRAMEWORK_HEADER = YES;
				CLANG_WARN_RANGE_LOOP_ANALYSIS = YES;
				CLANG_WARN_STRICT_PROTOTYPES = YES;
				CLANG_WARN_SUSPICIOUS_MOVE = YES;
				CLANG_WARN_UNGUARDED_AVAILABILITY = YES_AGGRESSIVE;
				CLANG_WARN_UNREACHABLE_CODE = YES;
				CLANG_WARN__DUPLICATE_METHOD_MATCH = YES;
				COPY_PHASE_STRIP = NO;
				DEBUG_INFORMATION_FORMAT = dwarf;
				ENABLE_STRICT_OBJC_MSGSEND = YES;
				ENABLE_TESTABILITY = YES;
				GCC_C_LANGUAGE_STANDARD = gnu11;
				GCC_DYNAMIC_NO_PIC = NO;
				GCC_NO_COMMON_BLOCKS = YES;
				GCC_OPTIMIZATION_LEVEL = 0;
				GCC_PREPROCESSOR_DEFINITIONS = (
					"DEBUG=1",
					"$(inherited)",
				);
				GCC_WARN_64_TO_32_BIT_CONVERSION = YES;
				GCC_WARN_ABOUT_RETURN_TYPE = YES_ERROR;
				GCC_WARN_UNDECLARED_SELECTOR = YES;
				GCC_WARN_UNINITIALIZED_AUTOS = YES_AGGRESSIVE;
				GCC_WARN_UNUSED_FUNCTION = YES;
				GCC_WARN_UNUSED_VARIABLE = YES;
				IPHONEOS_DEPLOYMENT_TARGET = 15.5;
				MTL_ENABLE_DEBUG_INFO = INCLUDE_SOURCE;
				MTL_FAST_MATH = YES;
				ONLY_ACTIVE_ARCH = YES;
				SDKROOT = iphoneos;
				SWIFT_ACTIVE_COMPILATION_CONDITIONS = DEBUG;
				SWIFT_OPTIMIZATION_LEVEL = "-Onone";
			};
			name = Debug;
		};
		1EC050CB28B5FBFA0027A02F /* Release */ = {
			isa = XCBuildConfiguration;
			buildSettings = {
				ALWAYS_SEARCH_USER_PATHS = NO;
				CLANG_ANALYZER_NONNULL = YES;
				CLANG_ANALYZER_NUMBER_OBJECT_CONVERSION = YES_AGGRESSIVE;
				CLANG_CXX_LANGUAGE_STANDARD = "gnu++17";
				CLANG_ENABLE_MODULES = YES;
				CLANG_ENABLE_OBJC_ARC = YES;
				CLANG_ENABLE_OBJC_WEAK = YES;
				CLANG_WARN_BLOCK_CAPTURE_AUTORELEASING = YES;
				CLANG_WARN_BOOL_CONVERSION = YES;
				CLANG_WARN_COMMA = YES;
				CLANG_WARN_CONSTANT_CONVERSION = YES;
				CLANG_WARN_DEPRECATED_OBJC_IMPLEMENTATIONS = YES;
				CLANG_WARN_DIRECT_OBJC_ISA_USAGE = YES_ERROR;
				CLANG_WARN_DOCUMENTATION_COMMENTS = YES;
				CLANG_WARN_EMPTY_BODY = YES;
				CLANG_WARN_ENUM_CONVERSION = YES;
				CLANG_WARN_INFINITE_RECURSION = YES;
				CLANG_WARN_INT_CONVERSION = YES;
				CLANG_WARN_NON_LITERAL_NULL_CONVERSION = YES;
				CLANG_WARN_OBJC_IMPLICIT_RETAIN_SELF = YES;
				CLANG_WARN_OBJC_LITERAL_CONVERSION = YES;
				CLANG_WARN_OBJC_ROOT_CLASS = YES_ERROR;
				CLANG_WARN_QUOTED_INCLUDE_IN_FRAMEWORK_HEADER = YES;
				CLANG_WARN_RANGE_LOOP_ANALYSIS = YES;
				CLANG_WARN_STRICT_PROTOTYPES = YES;
				CLANG_WARN_SUSPICIOUS_MOVE = YES;
				CLANG_WARN_UNGUARDED_AVAILABILITY = YES_AGGRESSIVE;
				CLANG_WARN_UNREACHABLE_CODE = YES;
				CLANG_WARN__DUPLICATE_METHOD_MATCH = YES;
				COPY_PHASE_STRIP = NO;
				DEBUG_INFORMATION_FORMAT = "dwarf-with-dsym";
				ENABLE_NS_ASSERTIONS = NO;
				ENABLE_STRICT_OBJC_MSGSEND = YES;
				GCC_C_LANGUAGE_STANDARD = gnu11;
				GCC_NO_COMMON_BLOCKS = YES;
				GCC_WARN_64_TO_32_BIT_CONVERSION = YES;
				GCC_WARN_ABOUT_RETURN_TYPE = YES_ERROR;
				GCC_WARN_UNDECLARED_SELECTOR = YES;
				GCC_WARN_UNINITIALIZED_AUTOS = YES_AGGRESSIVE;
				GCC_WARN_UNUSED_FUNCTION = YES;
				GCC_WARN_UNUSED_VARIABLE = YES;
				IPHONEOS_DEPLOYMENT_TARGET = 15.5;
				MTL_ENABLE_DEBUG_INFO = NO;
				MTL_FAST_MATH = YES;
				SDKROOT = iphoneos;
				SWIFT_COMPILATION_MODE = wholemodule;
				SWIFT_OPTIMIZATION_LEVEL = "-O";
				VALIDATE_PRODUCT = YES;
			};
			name = Release;
		};
		1EC050CD28B5FBFA0027A02F /* Debug */ = {
			isa = XCBuildConfiguration;
			buildSettings = {
				ASSETCATALOG_COMPILER_APPICON_NAME = AppIcon;
				ASSETCATALOG_COMPILER_GLOBAL_ACCENT_COLOR_NAME = AccentColor;
				CODE_SIGN_STYLE = Automatic;
				CURRENT_PROJECT_VERSION = 1;
				DEVELOPMENT_TEAM = ZURSBPY7B4;
				GENERATE_INFOPLIST_FILE = YES;
				INFOPLIST_FILE = Demo_Swift_Block/Info.plist;
				INFOPLIST_KEY_UIApplicationSupportsIndirectInputEvents = YES;
				INFOPLIST_KEY_UILaunchStoryboardName = LaunchScreen;
				INFOPLIST_KEY_UIMainStoryboardFile = Main;
				INFOPLIST_KEY_UISupportedInterfaceOrientations_iPad = "UIInterfaceOrientationPortrait UIInterfaceOrientationPortraitUpsideDown UIInterfaceOrientationLandscapeLeft UIInterfaceOrientationLandscapeRight";
				INFOPLIST_KEY_UISupportedInterfaceOrientations_iPhone = "UIInterfaceOrientationPortrait UIInterfaceOrientationLandscapeLeft UIInterfaceOrientationLandscapeRight";
				LD_RUNPATH_SEARCH_PATHS = (
					"$(inherited)",
					"@executable_path/Frameworks",
				);
				MARKETING_VERSION = 1.0;
				PRODUCT_BUNDLE_IDENTIFIER = "com.letu.app.Demo-Swift-Block";
				PRODUCT_NAME = "$(TARGET_NAME)";
				SWIFT_EMIT_LOC_STRINGS = YES;
				SWIFT_VERSION = 5.0;
				TARGETED_DEVICE_FAMILY = "1,2";
			};
			name = Debug;
		};
		1EC050CE28B5FBFA0027A02F /* Release */ = {
			isa = XCBuildConfiguration;
			buildSettings = {
				ASSETCATALOG_COMPILER_APPICON_NAME = AppIcon;
				ASSETCATALOG_COMPILER_GLOBAL_ACCENT_COLOR_NAME = AccentColor;
				CODE_SIGN_STYLE = Automatic;
				CURRENT_PROJECT_VERSION = 1;
				DEVELOPMENT_TEAM = ZURSBPY7B4;
				GENERATE_INFOPLIST_FILE = YES;
				INFOPLIST_FILE = Demo_Swift_Block/Info.plist;
				INFOPLIST_KEY_UIApplicationSupportsIndirectInputEvents = YES;
				INFOPLIST_KEY_UILaunchStoryboardName = LaunchScreen;
				INFOPLIST_KEY_UIMainStoryboardFile = Main;
				INFOPLIST_KEY_UISupportedInterfaceOrientations_iPad = "UIInterfaceOrientationPortrait UIInterfaceOrientationPortraitUpsideDown UIInterfaceOrientationLandscapeLeft UIInterfaceOrientationLandscapeRight";
				INFOPLIST_KEY_UISupportedInterfaceOrientations_iPhone = "UIInterfaceOrientationPortrait UIInterfaceOrientationLandscapeLeft UIInterfaceOrientationLandscapeRight";
				LD_RUNPATH_SEARCH_PATHS = (
					"$(inherited)",
					"@executable_path/Frameworks",
				);
				MARKETING_VERSION = 1.0;
				PRODUCT_BUNDLE_IDENTIFIER = "com.letu.app.Demo-Swift-Block";
				PRODUCT_NAME = "$(TARGET_NAME)";
				SWIFT_EMIT_LOC_STRINGS = YES;
				SWIFT_VERSION = 5.0;
				TARGETED_DEVICE_FAMILY = "1,2";
			};
			name = Release;
		};
		1EC050D028B5FBFA0027A02F /* Debug */ = {
			isa = XCBuildConfiguration;
			buildSettings = {
				ALWAYS_EMBED_SWIFT_STANDARD_LIBRARIES = YES;
				BUNDLE_LOADER = "$(TEST_HOST)";
				CODE_SIGN_STYLE = Automatic;
				CURRENT_PROJECT_VERSION = 1;
				DEVELOPMENT_TEAM = ZURSBPY7B4;
				GENERATE_INFOPLIST_FILE = YES;
				IPHONEOS_DEPLOYMENT_TARGET = 15.5;
				MARKETING_VERSION = 1.0;
				PRODUCT_BUNDLE_IDENTIFIER = "com.letu.app.Demo-Swift-BlockTests";
				PRODUCT_NAME = "$(TARGET_NAME)";
				SWIFT_EMIT_LOC_STRINGS = NO;
				SWIFT_VERSION = 5.0;
				TARGETED_DEVICE_FAMILY = "1,2";
				TEST_HOST = "$(BUILT_PRODUCTS_DIR)/Demo_Swift_Block.app/Demo_Swift_Block";
			};
			name = Debug;
		};
		1EC050D128B5FBFA0027A02F /* Release */ = {
			isa = XCBuildConfiguration;
			buildSettings = {
				ALWAYS_EMBED_SWIFT_STANDARD_LIBRARIES = YES;
				BUNDLE_LOADER = "$(TEST_HOST)";
				CODE_SIGN_STYLE = Automatic;
				CURRENT_PROJECT_VERSION = 1;
				DEVELOPMENT_TEAM = ZURSBPY7B4;
				GENERATE_INFOPLIST_FILE = YES;
				IPHONEOS_DEPLOYMENT_TARGET = 15.5;
				MARKETING_VERSION = 1.0;
				PRODUCT_BUNDLE_IDENTIFIER = "com.letu.app.Demo-Swift-BlockTests";
				PRODUCT_NAME = "$(TARGET_NAME)";
				SWIFT_EMIT_LOC_STRINGS = NO;
				SWIFT_VERSION = 5.0;
				TARGETED_DEVICE_FAMILY = "1,2";
				TEST_HOST = "$(BUILT_PRODUCTS_DIR)/Demo_Swift_Block.app/Demo_Swift_Block";
			};
			name = Release;
		};
		1EC050D328B5FBFA0027A02F /* Debug */ = {
			isa = XCBuildConfiguration;
			buildSettings = {
				ALWAYS_EMBED_SWIFT_STANDARD_LIBRARIES = YES;
				CODE_SIGN_STYLE = Automatic;
				CURRENT_PROJECT_VERSION = 1;
				DEVELOPMENT_TEAM = ZURSBPY7B4;
				GENERATE_INFOPLIST_FILE = YES;
				MARKETING_VERSION = 1.0;
				PRODUCT_BUNDLE_IDENTIFIER = "com.letu.app.Demo-Swift-BlockUITests";
				PRODUCT_NAME = "$(TARGET_NAME)";
				SWIFT_EMIT_LOC_STRINGS = NO;
				SWIFT_VERSION = 5.0;
				TARGETED_DEVICE_FAMILY = "1,2";
				TEST_TARGET_NAME = Demo_Swift_Block;
			};
			name = Debug;
		};
		1EC050D428B5FBFA0027A02F /* Release */ = {
			isa = XCBuildConfiguration;
			buildSettings = {
				ALWAYS_EMBED_SWIFT_STANDARD_LIBRARIES = YES;
				CODE_SIGN_STYLE = Automatic;
				CURRENT_PROJECT_VERSION = 1;
				DEVELOPMENT_TEAM = ZURSBPY7B4;
				GENERATE_INFOPLIST_FILE = YES;
				MARKETING_VERSION = 1.0;
				PRODUCT_BUNDLE_IDENTIFIER = "com.letu.app.Demo-Swift-BlockUITests";
				PRODUCT_NAME = "$(TARGET_NAME)";
				SWIFT_EMIT_LOC_STRINGS = NO;
				SWIFT_VERSION = 5.0;
				TARGETED_DEVICE_FAMILY = "1,2";
				TEST_TARGET_NAME = Demo_Swift_Block;
			};
			name = Release;
		};
/* End XCBuildConfiguration section */

/* Begin XCConfigurationList section */
		1EC0509D28B5FBF30027A02F /* Build configuration list for PBXProject "Demo_Swift_Block" */ = {
			isa = XCConfigurationList;
			buildConfigurations = (
				1EC050CA28B5FBFA0027A02F /* Debug */,
				1EC050CB28B5FBFA0027A02F /* Release */,
			);
			defaultConfigurationIsVisible = 0;
			defaultConfigurationName = Release;
		};
		1EC050CC28B5FBFA0027A02F /* Build configuration list for PBXNativeTarget "Demo_Swift_Block" */ = {
			isa = XCConfigurationList;
			buildConfigurations = (
				1EC050CD28B5FBFA0027A02F /* Debug */,
				1EC050CE28B5FBFA0027A02F /* Release */,
			);
			defaultConfigurationIsVisible = 0;
			defaultConfigurationName = Release;
		};
		1EC050CF28B5FBFA0027A02F /* Build configuration list for PBXNativeTarget "Demo_Swift_BlockTests" */ = {
			isa = XCConfigurationList;
			buildConfigurations = (
				1EC050D028B5FBFA0027A02F /* Debug */,
				1EC050D128B5FBFA0027A02F /* Release */,
			);
			defaultConfigurationIsVisible = 0;
			defaultConfigurationName = Release;
		};
		1EC050D228B5FBFA0027A02F /* Build configuration list for PBXNativeTarget "Demo_Swift_BlockUITests" */ = {
			isa = XCConfigurationList;
			buildConfigurations = (
				1EC050D328B5FBFA0027A02F /* Debug */,
				1EC050D428B5FBFA0027A02F /* Release */,
			);
			defaultConfigurationIsVisible = 0;
			defaultConfigurationName = Release;
		};
/* End XCConfigurationList section */
	};
	rootObject = 1EC0509A28B5FBF30027A02F /* Project object */;
}
